
Microsoft Visual Studio Solution File, Format Version 12.00
# Visual Studio Version 17
VisualStudioVersion = 17.0.31903.59
MinimumVisualStudioVersion = 10.0.40219.1
Project("{2150E333-8FDC-42A3-9474-1A3956D46DE8}") = "src", "src", "{A1A76E86-8B21-4A45-A4F8-FD3B21589CE0}"
EndProject
Project("{F2A71F9B-5D33-465A-A702-920D77279786}") = "DrawIO.MCP.Core", "src\DrawIO.MCP.Core\DrawIO.MCP.Core.fsproj", "{E9DCEEC1-03B0-4E1C-8947-C04ED7C38E4A}"
EndProject
Project("{FAE04EC0-301F-11D3-BF4B-00C04F79EFBC}") = "DrawIO.MCP.STDIO", "src\DrawIO.MCP.STDIO\DrawIO.MCP.STDIO.csproj", "{4B9A8361-CF94-4EC8-A02B-CAAACE23B748}"
EndProject
Project("{FAE04EC0-301F-11D3-BF4B-00C04F79EFBC}") = "DrawIO.MCP.SSE", "src\DrawIO.MCP.SSE\DrawIO.MCP.SSE.csproj", "{C864923F-9F6F-4CC6-A052-8B19A7109D87}"
EndProject
Project("{2150E333-8FDC-42A3-9474-1A3956D46DE8}") = "tests", "tests", "{88F603DA-980B-424B-8188-246C761E007B}"
EndProject
Project("{F2A71F9B-5D33-465A-A702-920D77279786}") = "DrawIO.MCP.Core.Tests", "tests\DrawIO.MCP.Core.Tests\DrawIO.MCP.Core.Tests.fsproj", "{E529E3DD-0916-41F4-8853-2B28A01079D5}"
EndProject
Project("{FAE04EC0-301F-11D3-BF4B-00C04F79EFBC}") = "DrawIO.MCP.STDIO.Tests", "tests\DrawIO.MCP.STDIO.Tests\DrawIO.MCP.STDIO.Tests.csproj", "{0C8FC22B-F980-4732-A385-A8E944999E85}"
EndProject
Project("{FAE04EC0-301F-11D3-BF4B-00C04F79EFBC}") = "DrawIO.MCP.SSE.Tests", "tests\DrawIO.MCP.SSE.Tests\DrawIO.MCP.SSE.Tests.csproj", "{59F76FAF-FA98-43FD-B324-F2885E07FB94}"
EndProject
Global
	GlobalSection(SolutionConfigurationPlatforms) = preSolution
		Debug|Any CPU = Debug|Any CPU
		Release|Any CPU = Release|Any CPU
	EndGlobalSection
	GlobalSection(SolutionProperties) = preSolution
		HideSolutionNode = FALSE
	EndGlobalSection
	GlobalSection(ProjectConfigurationPlatforms) = postSolution
		{E9DCEEC1-03B0-4E1C-8947-C04ED7C38E4A}.Debug|Any CPU.ActiveCfg = Debug|Any CPU
		{E9DCEEC1-03B0-4E1C-8947-C04ED7C38E4A}.Debug|Any CPU.Build.0 = Debug|Any CPU
		{E9DCEEC1-03B0-4E1C-8947-C04ED7C38E4A}.Release|Any CPU.ActiveCfg = Release|Any CPU
		{E9DCEEC1-03B0-4E1C-8947-C04ED7C38E4A}.Release|Any CPU.Build.0 = Release|Any CPU
		{4B9A8361-CF94-4EC8-A02B-CAAACE23B748}.Debug|Any CPU.ActiveCfg = Debug|Any CPU
		{4B9A8361-CF94-4EC8-A02B-CAAACE23B748}.Debug|Any CPU.Build.0 = Debug|Any CPU
		{4B9A8361-CF94-4EC8-A02B-CAAACE23B748}.Release|Any CPU.ActiveCfg = Release|Any CPU
		{4B9A8361-CF94-4EC8-A02B-CAAACE23B748}.Release|Any CPU.Build.0 = Release|Any CPU
		{C864923F-9F6F-4CC6-A052-8B19A7109D87}.Debug|Any CPU.ActiveCfg = Debug|Any CPU
		{C864923F-9F6F-4CC6-A052-8B19A7109D87}.Debug|Any CPU.Build.0 = Debug|Any CPU
		{C864923F-9F6F-4CC6-A052-8B19A7109D87}.Release|Any CPU.ActiveCfg = Release|Any CPU
		{C864923F-9F6F-4CC6-A052-8B19A7109D87}.Release|Any CPU.Build.0 = Release|Any CPU
		{E529E3DD-0916-41F4-8853-2B28A01079D5}.Debug|Any CPU.ActiveCfg = Debug|Any CPU
		{E529E3DD-0916-41F4-8853-2B28A01079D5}.Debug|Any CPU.Build.0 = Debug|Any CPU
		{E529E3DD-0916-41F4-8853-2B28A01079D5}.Release|Any CPU.ActiveCfg = Release|Any CPU
		{E529E3DD-0916-41F4-8853-2B28A01079D5}.Release|Any CPU.Build.0 = Release|Any CPU
		{0C8FC22B-F980-4732-A385-A8E944999E85}.Debug|Any CPU.ActiveCfg = Debug|Any CPU
		{0C8FC22B-F980-4732-A385-A8E944999E85}.Debug|Any CPU.Build.0 = Debug|Any CPU
		{0C8FC22B-F980-4732-A385-A8E944999E85}.Release|Any CPU.ActiveCfg = Release|Any CPU
		{0C8FC22B-F980-4732-A385-A8E944999E85}.Release|Any CPU.Build.0 = Release|Any CPU
		{59F76FAF-FA98-43FD-B324-F2885E07FB94}.Debug|Any CPU.ActiveCfg = Debug|Any CPU
		{59F76FAF-FA98-43FD-B324-F2885E07FB94}.Debug|Any CPU.Build.0 = Debug|Any CPU
		{59F76FAF-FA98-43FD-B324-F2885E07FB94}.Release|Any CPU.ActiveCfg = Release|Any CPU
		{59F76FAF-FA98-43FD-B324-F2885E07FB94}.Release|Any CPU.Build.0 = Release|Any CPU
	EndGlobalSection
	GlobalSection(NestedProjects) = preSolution
		{E9DCEEC1-03B0-4E1C-8947-C04ED7C38E4A} = {A1A76E86-8B21-4A45-A4F8-FD3B21589CE0}
		{4B9A8361-CF94-4EC8-A02B-CAAACE23B748} = {A1A76E86-8B21-4A45-A4F8-FD3B21589CE0}
		{C864923F-9F6F-4CC6-A052-8B19A7109D87} = {A1A76E86-8B21-4A45-A4F8-FD3B21589CE0}
		{E529E3DD-0916-41F4-8853-2B28A01079D5} = {88F603DA-980B-424B-8188-246C761E007B}
		{0C8FC22B-F980-4732-A385-A8E944999E85} = {88F603DA-980B-424B-8188-246C761E007B}
		{59F76FAF-FA98-43FD-B324-F2885E07FB94} = {88F603DA-980B-424B-8188-246C761E007B}
	EndGlobalSection
EndGlobal
